{
  "version": 4,
  "terraform_version": "1.5.2",
  "serial": 274,
  "lineage": "5946de27-557f-5228-623b-f873aba52dee",
  "outputs": {
    "IP_Addresses": {
      "value": "\nClient public IPs: 35.237.132.152, 35.243.208.108, 34.148.160.66\n\nServer public IPs: 104.196.211.46, 34.138.166.56, 34.139.124.49\n\nThe Consul UI can be accessed at http://104.196.211.46:8500/ui\nwith the bootstrap token: 83a94b86-e145-b1e3-00d9-aca8e09caf30\n",
      "type": "string"
    },
    "consul_bootstrap_token_secret": {
      "value": "83a94b86-e145-b1e3-00d9-aca8e09caf30",
      "type": "string"
    },
    "lb_address_consul_nomad": {
      "value": "http://104.196.211.46",
      "type": "string"
    }
  },
  "resources": [
    {
      "mode": "managed",
      "type": "google_compute_firewall",
      "name": "allow_all_internal",
      "provider": "provider[\"registry.terraform.io/hashicorp/google\"]",
      "instances": [
        {
          "schema_version": 1,
          "attributes": {
            "allow": [
              {
                "ports": [
                  "0-65535"
                ],
                "protocol": "tcp"
              },
              {
                "ports": [
                  "0-65535"
                ],
                "protocol": "udp"
              },
              {
                "ports": [],
                "protocol": "icmp"
              }
            ],
            "creation_timestamp": "2023-08-15T20:57:51.312-07:00",
            "deny": [],
            "description": "",
            "destination_ranges": [],
            "direction": "INGRESS",
            "disabled": false,
            "enable_logging": null,
            "id": "projects/hashicorp-393022/global/firewalls/nomad-allow-all-internal",
            "log_config": [],
            "name": "nomad-allow-all-internal",
            "network": "https://www.googleapis.com/compute/v1/projects/hashicorp-393022/global/networks/hashistack-nomad",
            "priority": 1000,
            "project": "hashicorp-393022",
            "self_link": "https://www.googleapis.com/compute/v1/projects/hashicorp-393022/global/firewalls/nomad-allow-all-internal",
            "source_ranges": null,
            "source_service_accounts": null,
            "source_tags": [
              "auto-join"
            ],
            "target_service_accounts": null,
            "target_tags": null,
            "timeouts": null
          },
          "sensitive_attributes": [],
          "private": "eyJlMmJmYjczMC1lY2FhLTExZTYtOGY4OC0zNDM2M2JjN2M0YzAiOnsiY3JlYXRlIjoxMjAwMDAwMDAwMDAwLCJkZWxldGUiOjEyMDAwMDAwMDAwMDAsInVwZGF0ZSI6MTIwMDAwMDAwMDAwMH0sInNjaGVtYV92ZXJzaW9uIjoiMSJ9",
          "dependencies": [
            "google_compute_network.hashistack"
          ]
        }
      ]
    },
    {
      "mode": "managed",
      "type": "google_compute_firewall",
      "name": "clients_ingress",
      "provider": "provider[\"registry.terraform.io/hashicorp/google\"]",
      "instances": [
        {
          "schema_version": 1,
          "attributes": {
            "allow": [
              {
                "ports": [
                  "80"
                ],
                "protocol": "tcp"
              }
            ],
            "creation_timestamp": "2023-08-15T20:57:51.149-07:00",
            "deny": [],
            "description": "",
            "destination_ranges": [],
            "direction": "INGRESS",
            "disabled": false,
            "enable_logging": null,
            "id": "projects/hashicorp-393022/global/firewalls/nomad-clients-ingress",
            "log_config": [],
            "name": "nomad-clients-ingress",
            "network": "https://www.googleapis.com/compute/v1/projects/hashicorp-393022/global/networks/hashistack-nomad",
            "priority": 1000,
            "project": "hashicorp-393022",
            "self_link": "https://www.googleapis.com/compute/v1/projects/hashicorp-393022/global/firewalls/nomad-clients-ingress",
            "source_ranges": [
              "0.0.0.0/0"
            ],
            "source_service_accounts": null,
            "source_tags": null,
            "target_service_accounts": null,
            "target_tags": [
              "nomad-clients"
            ],
            "timeouts": null
          },
          "sensitive_attributes": [],
          "private": "eyJlMmJmYjczMC1lY2FhLTExZTYtOGY4OC0zNDM2M2JjN2M0YzAiOnsiY3JlYXRlIjoxMjAwMDAwMDAwMDAwLCJkZWxldGUiOjEyMDAwMDAwMDAwMDAsInVwZGF0ZSI6MTIwMDAwMDAwMDAwMH0sInNjaGVtYV92ZXJzaW9uIjoiMSJ9",
          "dependencies": [
            "google_compute_network.hashistack"
          ]
        }
      ]
    },
    {
      "mode": "managed",
      "type": "google_compute_firewall",
      "name": "consul_nomad_ui_ingress",
      "provider": "provider[\"registry.terraform.io/hashicorp/google\"]",
      "instances": [
        {
          "schema_version": 1,
          "attributes": {
            "allow": [
              {
                "ports": [
                  "4646"
                ],
                "protocol": "tcp"
              },
              {
                "ports": [
                  "8500"
                ],
                "protocol": "tcp"
              }
            ],
            "creation_timestamp": "2023-08-15T20:57:51.374-07:00",
            "deny": [],
            "description": "",
            "destination_ranges": [],
            "direction": "INGRESS",
            "disabled": false,
            "enable_logging": null,
            "id": "projects/hashicorp-393022/global/firewalls/nomad-ui-ingress",
            "log_config": [],
            "name": "nomad-ui-ingress",
            "network": "https://www.googleapis.com/compute/v1/projects/hashicorp-393022/global/networks/hashistack-nomad",
            "priority": 1000,
            "project": "hashicorp-393022",
            "self_link": "https://www.googleapis.com/compute/v1/projects/hashicorp-393022/global/firewalls/nomad-ui-ingress",
            "source_ranges": [
              "0.0.0.0/0"
            ],
            "source_service_accounts": null,
            "source_tags": null,
            "target_service_accounts": null,
            "target_tags": null,
            "timeouts": null
          },
          "sensitive_attributes": [],
          "private": "eyJlMmJmYjczMC1lY2FhLTExZTYtOGY4OC0zNDM2M2JjN2M0YzAiOnsiY3JlYXRlIjoxMjAwMDAwMDAwMDAwLCJkZWxldGUiOjEyMDAwMDAwMDAwMDAsInVwZGF0ZSI6MTIwMDAwMDAwMDAwMH0sInNjaGVtYV92ZXJzaW9uIjoiMSJ9",
          "dependencies": [
            "google_compute_network.hashistack"
          ]
        }
      ]
    },
    {
      "mode": "managed",
      "type": "google_compute_firewall",
      "name": "ssh_ingress",
      "provider": "provider[\"registry.terraform.io/hashicorp/google\"]",
      "instances": [
        {
          "schema_version": 1,
          "attributes": {
            "allow": [
              {
                "ports": [
                  "22"
                ],
                "protocol": "tcp"
              }
            ],
            "creation_timestamp": "2023-08-15T20:57:50.854-07:00",
            "deny": [],
            "description": "",
            "destination_ranges": [],
            "direction": "INGRESS",
            "disabled": false,
            "enable_logging": null,
            "id": "projects/hashicorp-393022/global/firewalls/nomad-ssh-ingress",
            "log_config": [],
            "name": "nomad-ssh-ingress",
            "network": "https://www.googleapis.com/compute/v1/projects/hashicorp-393022/global/networks/hashistack-nomad",
            "priority": 1000,
            "project": "hashicorp-393022",
            "self_link": "https://www.googleapis.com/compute/v1/projects/hashicorp-393022/global/firewalls/nomad-ssh-ingress",
            "source_ranges": [
              "0.0.0.0/0"
            ],
            "source_service_accounts": null,
            "source_tags": null,
            "target_service_accounts": null,
            "target_tags": null,
            "timeouts": null
          },
          "sensitive_attributes": [],
          "private": "eyJlMmJmYjczMC1lY2FhLTExZTYtOGY4OC0zNDM2M2JjN2M0YzAiOnsiY3JlYXRlIjoxMjAwMDAwMDAwMDAwLCJkZWxldGUiOjEyMDAwMDAwMDAwMDAsInVwZGF0ZSI6MTIwMDAwMDAwMDAwMH0sInNjaGVtYV92ZXJzaW9uIjoiMSJ9",
          "dependencies": [
            "google_compute_network.hashistack"
          ]
        }
      ]
    },
    {
      "mode": "managed",
      "type": "google_compute_instance",
      "name": "client",
      "provider": "provider[\"registry.terraform.io/hashicorp/google\"]",
      "instances": [
        {
          "index_key": 0,
          "schema_version": 6,
          "attributes": {
            "advanced_machine_features": [],
            "allow_stopping_for_update": true,
            "attached_disk": [],
            "boot_disk": [
              {
                "auto_delete": true,
                "device_name": "persistent-disk-0",
                "disk_encryption_key_raw": "",
                "disk_encryption_key_sha256": "",
                "initialize_params": [
                  {
                    "image": "https://www.googleapis.com/compute/v1/projects/hashicorp-393022/global/images/hashistack-20230815075041",
                    "labels": {},
                    "resource_manager_tags": null,
                    "size": 20,
                    "type": "pd-standard"
                  }
                ],
                "kms_key_self_link": "",
                "mode": "READ_WRITE",
                "source": "https://www.googleapis.com/compute/v1/projects/hashicorp-393022/zones/us-east1-b/disks/nomad-client-0"
              }
            ],
            "can_ip_forward": false,
            "confidential_instance_config": [],
            "cpu_platform": "Intel Broadwell",
            "current_status": "RUNNING",
            "deletion_protection": false,
            "description": "",
            "desired_status": null,
            "enable_display": false,
            "guest_accelerator": [],
            "hostname": "",
            "id": "projects/hashicorp-393022/zones/us-east1-b/instances/nomad-client-0",
            "instance_id": "897079557271713711",
            "label_fingerprint": "42WmSpB8rSM=",
            "labels": null,
            "machine_type": "e2-micro",
            "metadata": null,
            "metadata_fingerprint": "rs1JzvH6_Wg=",
            "metadata_startup_script": "#!/bin/bash\n\nset -e\n\nexec \u003e \u003e(sudo tee /var/log/user-data.log|logger -t user-data -s 2\u003e/dev/console) 2\u003e\u00261\nsudo bash /ops/shared/scripts/client.sh \"gce\" 'project_name=hashicorp-393022 provider=gce tag_value=auto-join' \"https://releases.hashicorp.com/nomad/0.10.0/nomad_0.10.0_linux_amd64.zip\"\n\nNOMAD_HCL_PATH=\"/etc/nomad.d/nomad.hcl\"\nCLOUD_ENV=\"gce\"\n\nsed -i \"s/CONSUL_TOKEN/83a94b86-e145-b1e3-00d9-aca8e09caf30/g\" $NOMAD_HCL_PATH\n\ncase $CLOUD_ENV in\n  aws)\n    # Place the AWS instance name as metadata on the\n    # client for targetting workloads\n    AWS_SERVER_TAG_NAME=$(curl http://169.254.169.254/latest/meta-data/tags/instance/Name)\n    sed -i \"s/SERVER_NAME/$AWS_SERVER_TAG_NAME/g\" $NOMAD_HCL_PATH\n    ;;\n  gce)\n    echo \"CLOUD_ENV: gce\"\n    ;;\n  azure)\n    echo \"CLOUD_ENV: azure\"\n    ;;\n  *)\n    echo \"CLOUD_ENV: not set\"\n    ;;\nesac\n\nsudo systemctl restart nomad\n\necho \"Finished client setup\"",
            "min_cpu_platform": "",
            "name": "nomad-client-0",
            "network_interface": [
              {
                "access_config": [
                  {
                    "nat_ip": "35.237.132.152",
                    "network_tier": "PREMIUM",
                    "public_ptr_domain_name": ""
                  }
                ],
                "alias_ip_range": [],
                "ipv6_access_config": [],
                "ipv6_access_type": "",
                "name": "nic0",
                "network": "https://www.googleapis.com/compute/v1/projects/hashicorp-393022/global/networks/hashistack-nomad",
                "network_ip": "10.142.0.4",
                "nic_type": "",
                "queue_count": 0,
                "stack_type": "IPV4_ONLY",
                "subnetwork": "https://www.googleapis.com/compute/v1/projects/hashicorp-393022/regions/us-east1/subnetworks/hashistack-nomad",
                "subnetwork_project": "hashicorp-393022"
              }
            ],
            "network_performance_config": [],
            "params": [],
            "project": "hashicorp-393022",
            "reservation_affinity": [],
            "resource_policies": null,
            "scheduling": [
              {
                "automatic_restart": true,
                "instance_termination_action": "",
                "min_node_cpus": 0,
                "node_affinities": [],
                "on_host_maintenance": "MIGRATE",
                "preemptible": false,
                "provisioning_model": "STANDARD"
              }
            ],
            "scratch_disk": [],
            "self_link": "https://www.googleapis.com/compute/v1/projects/hashicorp-393022/zones/us-east1-b/instances/nomad-client-0",
            "service_account": [
              {
                "email": "768276668000-compute@developer.gserviceaccount.com",
                "scopes": [
                  "https://www.googleapis.com/auth/compute.readonly",
                  "https://www.googleapis.com/auth/logging.write"
                ]
              }
            ],
            "shielded_instance_config": [
              {
                "enable_integrity_monitoring": true,
                "enable_secure_boot": false,
                "enable_vtpm": true
              }
            ],
            "tags": [
              "auto-join",
              "nomad-clients"
            ],
            "tags_fingerprint": "JjcUkMz5Nmg=",
            "timeouts": null,
            "zone": "us-east1-b"
          },
          "sensitive_attributes": [],
          "private": "eyJlMmJmYjczMC1lY2FhLTExZTYtOGY4OC0zNDM2M2JjN2M0YzAiOnsiY3JlYXRlIjoxMjAwMDAwMDAwMDAwLCJkZWxldGUiOjEyMDAwMDAwMDAwMDAsInVwZGF0ZSI6MTIwMDAwMDAwMDAwMH0sInNjaGVtYV92ZXJzaW9uIjoiNiJ9",
          "dependencies": [
            "google_compute_network.hashistack"
          ]
        },
        {
          "index_key": 1,
          "schema_version": 6,
          "attributes": {
            "advanced_machine_features": [],
            "allow_stopping_for_update": true,
            "attached_disk": [],
            "boot_disk": [
              {
                "auto_delete": true,
                "device_name": "persistent-disk-0",
                "disk_encryption_key_raw": "",
                "disk_encryption_key_sha256": "",
                "initialize_params": [
                  {
                    "image": "https://www.googleapis.com/compute/v1/projects/hashicorp-393022/global/images/hashistack-20230815075041",
                    "labels": {},
                    "resource_manager_tags": null,
                    "size": 20,
                    "type": "pd-standard"
                  }
                ],
                "kms_key_self_link": "",
                "mode": "READ_WRITE",
                "source": "https://www.googleapis.com/compute/v1/projects/hashicorp-393022/zones/us-east1-b/disks/nomad-client-1"
              }
            ],
            "can_ip_forward": false,
            "confidential_instance_config": [],
            "cpu_platform": "Intel Broadwell",
            "current_status": "RUNNING",
            "deletion_protection": false,
            "description": "",
            "desired_status": null,
            "enable_display": false,
            "guest_accelerator": [],
            "hostname": "",
            "id": "projects/hashicorp-393022/zones/us-east1-b/instances/nomad-client-1",
            "instance_id": "1137925831284357072",
            "label_fingerprint": "42WmSpB8rSM=",
            "labels": null,
            "machine_type": "e2-micro",
            "metadata": null,
            "metadata_fingerprint": "rs1JzvH6_Wg=",
            "metadata_startup_script": "#!/bin/bash\n\nset -e\n\nexec \u003e \u003e(sudo tee /var/log/user-data.log|logger -t user-data -s 2\u003e/dev/console) 2\u003e\u00261\nsudo bash /ops/shared/scripts/client.sh \"gce\" 'project_name=hashicorp-393022 provider=gce tag_value=auto-join' \"https://releases.hashicorp.com/nomad/0.10.0/nomad_0.10.0_linux_amd64.zip\"\n\nNOMAD_HCL_PATH=\"/etc/nomad.d/nomad.hcl\"\nCLOUD_ENV=\"gce\"\n\nsed -i \"s/CONSUL_TOKEN/83a94b86-e145-b1e3-00d9-aca8e09caf30/g\" $NOMAD_HCL_PATH\n\ncase $CLOUD_ENV in\n  aws)\n    # Place the AWS instance name as metadata on the\n    # client for targetting workloads\n    AWS_SERVER_TAG_NAME=$(curl http://169.254.169.254/latest/meta-data/tags/instance/Name)\n    sed -i \"s/SERVER_NAME/$AWS_SERVER_TAG_NAME/g\" $NOMAD_HCL_PATH\n    ;;\n  gce)\n    echo \"CLOUD_ENV: gce\"\n    ;;\n  azure)\n    echo \"CLOUD_ENV: azure\"\n    ;;\n  *)\n    echo \"CLOUD_ENV: not set\"\n    ;;\nesac\n\nsudo systemctl restart nomad\n\necho \"Finished client setup\"",
            "min_cpu_platform": "",
            "name": "nomad-client-1",
            "network_interface": [
              {
                "access_config": [
                  {
                    "nat_ip": "35.243.208.108",
                    "network_tier": "PREMIUM",
                    "public_ptr_domain_name": ""
                  }
                ],
                "alias_ip_range": [],
                "ipv6_access_config": [],
                "ipv6_access_type": "",
                "name": "nic0",
                "network": "https://www.googleapis.com/compute/v1/projects/hashicorp-393022/global/networks/hashistack-nomad",
                "network_ip": "10.142.0.2",
                "nic_type": "",
                "queue_count": 0,
                "stack_type": "IPV4_ONLY",
                "subnetwork": "https://www.googleapis.com/compute/v1/projects/hashicorp-393022/regions/us-east1/subnetworks/hashistack-nomad",
                "subnetwork_project": "hashicorp-393022"
              }
            ],
            "network_performance_config": [],
            "params": [],
            "project": "hashicorp-393022",
            "reservation_affinity": [],
            "resource_policies": null,
            "scheduling": [
              {
                "automatic_restart": true,
                "instance_termination_action": "",
                "min_node_cpus": 0,
                "node_affinities": [],
                "on_host_maintenance": "MIGRATE",
                "preemptible": false,
                "provisioning_model": "STANDARD"
              }
            ],
            "scratch_disk": [],
            "self_link": "https://www.googleapis.com/compute/v1/projects/hashicorp-393022/zones/us-east1-b/instances/nomad-client-1",
            "service_account": [
              {
                "email": "768276668000-compute@developer.gserviceaccount.com",
                "scopes": [
                  "https://www.googleapis.com/auth/compute.readonly",
                  "https://www.googleapis.com/auth/logging.write"
                ]
              }
            ],
            "shielded_instance_config": [
              {
                "enable_integrity_monitoring": true,
                "enable_secure_boot": false,
                "enable_vtpm": true
              }
            ],
            "tags": [
              "auto-join",
              "nomad-clients"
            ],
            "tags_fingerprint": "JjcUkMz5Nmg=",
            "timeouts": null,
            "zone": "us-east1-b"
          },
          "sensitive_attributes": [],
          "private": "eyJlMmJmYjczMC1lY2FhLTExZTYtOGY4OC0zNDM2M2JjN2M0YzAiOnsiY3JlYXRlIjoxMjAwMDAwMDAwMDAwLCJkZWxldGUiOjEyMDAwMDAwMDAwMDAsInVwZGF0ZSI6MTIwMDAwMDAwMDAwMH0sInNjaGVtYV92ZXJzaW9uIjoiNiJ9",
          "dependencies": [
            "google_compute_network.hashistack"
          ]
        },
        {
          "index_key": 2,
          "schema_version": 6,
          "attributes": {
            "advanced_machine_features": [],
            "allow_stopping_for_update": true,
            "attached_disk": [],
            "boot_disk": [
              {
                "auto_delete": true,
                "device_name": "persistent-disk-0",
                "disk_encryption_key_raw": "",
                "disk_encryption_key_sha256": "",
                "initialize_params": [
                  {
                    "image": "https://www.googleapis.com/compute/v1/projects/hashicorp-393022/global/images/hashistack-20230815075041",
                    "labels": {},
                    "resource_manager_tags": null,
                    "size": 20,
                    "type": "pd-standard"
                  }
                ],
                "kms_key_self_link": "",
                "mode": "READ_WRITE",
                "source": "https://www.googleapis.com/compute/v1/projects/hashicorp-393022/zones/us-east1-b/disks/nomad-client-2"
              }
            ],
            "can_ip_forward": false,
            "confidential_instance_config": [],
            "cpu_platform": "Intel Broadwell",
            "current_status": "RUNNING",
            "deletion_protection": false,
            "description": "",
            "desired_status": null,
            "enable_display": false,
            "guest_accelerator": [],
            "hostname": "",
            "id": "projects/hashicorp-393022/zones/us-east1-b/instances/nomad-client-2",
            "instance_id": "2984896162386016208",
            "label_fingerprint": "42WmSpB8rSM=",
            "labels": null,
            "machine_type": "e2-micro",
            "metadata": null,
            "metadata_fingerprint": "rs1JzvH6_Wg=",
            "metadata_startup_script": "#!/bin/bash\n\nset -e\n\nexec \u003e \u003e(sudo tee /var/log/user-data.log|logger -t user-data -s 2\u003e/dev/console) 2\u003e\u00261\nsudo bash /ops/shared/scripts/client.sh \"gce\" 'project_name=hashicorp-393022 provider=gce tag_value=auto-join' \"https://releases.hashicorp.com/nomad/0.10.0/nomad_0.10.0_linux_amd64.zip\"\n\nNOMAD_HCL_PATH=\"/etc/nomad.d/nomad.hcl\"\nCLOUD_ENV=\"gce\"\n\nsed -i \"s/CONSUL_TOKEN/83a94b86-e145-b1e3-00d9-aca8e09caf30/g\" $NOMAD_HCL_PATH\n\ncase $CLOUD_ENV in\n  aws)\n    # Place the AWS instance name as metadata on the\n    # client for targetting workloads\n    AWS_SERVER_TAG_NAME=$(curl http://169.254.169.254/latest/meta-data/tags/instance/Name)\n    sed -i \"s/SERVER_NAME/$AWS_SERVER_TAG_NAME/g\" $NOMAD_HCL_PATH\n    ;;\n  gce)\n    echo \"CLOUD_ENV: gce\"\n    ;;\n  azure)\n    echo \"CLOUD_ENV: azure\"\n    ;;\n  *)\n    echo \"CLOUD_ENV: not set\"\n    ;;\nesac\n\nsudo systemctl restart nomad\n\necho \"Finished client setup\"",
            "min_cpu_platform": "",
            "name": "nomad-client-2",
            "network_interface": [
              {
                "access_config": [
                  {
                    "nat_ip": "34.148.160.66",
                    "network_tier": "PREMIUM",
                    "public_ptr_domain_name": ""
                  }
                ],
                "alias_ip_range": [],
                "ipv6_access_config": [],
                "ipv6_access_type": "",
                "name": "nic0",
                "network": "https://www.googleapis.com/compute/v1/projects/hashicorp-393022/global/networks/hashistack-nomad",
                "network_ip": "10.142.0.3",
                "nic_type": "",
                "queue_count": 0,
                "stack_type": "IPV4_ONLY",
                "subnetwork": "https://www.googleapis.com/compute/v1/projects/hashicorp-393022/regions/us-east1/subnetworks/hashistack-nomad",
                "subnetwork_project": "hashicorp-393022"
              }
            ],
            "network_performance_config": [],
            "params": [],
            "project": "hashicorp-393022",
            "reservation_affinity": [],
            "resource_policies": null,
            "scheduling": [
              {
                "automatic_restart": true,
                "instance_termination_action": "",
                "min_node_cpus": 0,
                "node_affinities": [],
                "on_host_maintenance": "MIGRATE",
                "preemptible": false,
                "provisioning_model": "STANDARD"
              }
            ],
            "scratch_disk": [],
            "self_link": "https://www.googleapis.com/compute/v1/projects/hashicorp-393022/zones/us-east1-b/instances/nomad-client-2",
            "service_account": [
              {
                "email": "768276668000-compute@developer.gserviceaccount.com",
                "scopes": [
                  "https://www.googleapis.com/auth/compute.readonly",
                  "https://www.googleapis.com/auth/logging.write"
                ]
              }
            ],
            "shielded_instance_config": [
              {
                "enable_integrity_monitoring": true,
                "enable_secure_boot": false,
                "enable_vtpm": true
              }
            ],
            "tags": [
              "auto-join",
              "nomad-clients"
            ],
            "tags_fingerprint": "JjcUkMz5Nmg=",
            "timeouts": null,
            "zone": "us-east1-b"
          },
          "sensitive_attributes": [],
          "private": "eyJlMmJmYjczMC1lY2FhLTExZTYtOGY4OC0zNDM2M2JjN2M0YzAiOnsiY3JlYXRlIjoxMjAwMDAwMDAwMDAwLCJkZWxldGUiOjEyMDAwMDAwMDAwMDAsInVwZGF0ZSI6MTIwMDAwMDAwMDAwMH0sInNjaGVtYV92ZXJzaW9uIjoiNiJ9",
          "dependencies": [
            "google_compute_network.hashistack"
          ]
        }
      ]
    },
    {
      "mode": "managed",
      "type": "google_compute_instance",
      "name": "server",
      "provider": "provider[\"registry.terraform.io/hashicorp/google\"]",
      "instances": [
        {
          "index_key": 0,
          "schema_version": 6,
          "attributes": {
            "advanced_machine_features": [],
            "allow_stopping_for_update": true,
            "attached_disk": [],
            "boot_disk": [
              {
                "auto_delete": true,
                "device_name": "persistent-disk-0",
                "disk_encryption_key_raw": "",
                "disk_encryption_key_sha256": "",
                "initialize_params": [
                  {
                    "image": "https://www.googleapis.com/compute/v1/projects/hashicorp-393022/global/images/hashistack-20230815075041",
                    "labels": {},
                    "resource_manager_tags": null,
                    "size": 20,
                    "type": "pd-standard"
                  }
                ],
                "kms_key_self_link": "",
                "mode": "READ_WRITE",
                "source": "https://www.googleapis.com/compute/v1/projects/hashicorp-393022/zones/us-east1-b/disks/nomad-server-0"
              }
            ],
            "can_ip_forward": false,
            "confidential_instance_config": [],
            "cpu_platform": "Intel Broadwell",
            "current_status": "RUNNING",
            "deletion_protection": false,
            "description": "",
            "desired_status": null,
            "enable_display": false,
            "guest_accelerator": [],
            "hostname": "",
            "id": "projects/hashicorp-393022/zones/us-east1-b/instances/nomad-server-0",
            "instance_id": "9070098796220905391",
            "label_fingerprint": "42WmSpB8rSM=",
            "labels": null,
            "machine_type": "e2-micro",
            "metadata": null,
            "metadata_fingerprint": "fcXyvNhRwVU=",
            "metadata_startup_script": "#!/bin/bash\n\nset -e\n\nexec \u003e \u003e(sudo tee /var/log/user-data.log|logger -t user-data -s 2\u003e/dev/console) 2\u003e\u00261\nsudo bash /ops/shared/scripts/server.sh \"gce\" \"3\" 'project_name=hashicorp-393022 provider=gce tag_value=auto-join' \"https://releases.hashicorp.com/nomad/0.10.0/nomad_0.10.0_linux_amd64.zip\"\n\nACL_DIRECTORY=\"/ops/shared/config\"\nCONSUL_BOOTSTRAP_TOKEN=\"/tmp/consul_bootstrap\"\nNOMAD_BOOTSTRAP_TOKEN=\"/tmp/nomad_bootstrap\"\nNOMAD_USER_TOKEN=\"/tmp/nomad_user_token\"\n\nsed -i \"s/CONSUL_TOKEN/83a94b86-e145-b1e3-00d9-aca8e09caf30/g\" /etc/nomad.d/nomad.hcl\n\nsudo systemctl restart nomad\n\necho \"Finished server setup\"\n\necho \"ACL bootstrap begin\"\n\n# Wait until leader has been elected and bootstrap consul ACLs\nfor i in {1..9}; do\n    # capture stdout and stderr\n    set +e\n    sleep 5\n    OUTPUT=$(consul acl bootstrap 2\u003e\u00261)\n    if [ $? -ne 0 ]; then\n        echo \"consul acl bootstrap: $OUTPUT\"\n        if [[ \"$OUTPUT\" = *\"No cluster leader\"* ]]; then\n            echo \"consul no cluster leader\"\n            continue\n        else\n            echo \"consul already bootstrapped\"\n            exit 0\n        fi\n\n    fi\n    set -e\n\n    echo \"$OUTPUT\" | grep -i secretid | awk '{print $2}' \u003e $CONSUL_BOOTSTRAP_TOKEN\n    if [ -s $CONSUL_BOOTSTRAP_TOKEN ]; then\n        echo \"consul bootstrapped\"\n        break\n    fi\ndone\n\n\nconsul acl policy create -name 'nomad-auto-join' -rules=\"@$ACL_DIRECTORY/consul-acl-nomad-auto-join.hcl\" -token-file=$CONSUL_BOOTSTRAP_TOKEN\n\nconsul acl role create -name \"nomad-auto-join\" -description \"Role with policies necessary for nomad servers and clients to auto-join via Consul.\" -policy-name \"nomad-auto-join\" -token-file=$CONSUL_BOOTSTRAP_TOKEN\n\nconsul acl token create -accessor=f1c74ed9-4daa-4e32-fd36-e1e0993e08a6 -secret=83a94b86-e145-b1e3-00d9-aca8e09caf30 -description \"Nomad server/client auto-join token\" -role-name nomad-auto-join -token-file=$CONSUL_BOOTSTRAP_TOKEN\n\n# Wait for nomad servers to come up and bootstrap nomad ACL\nfor i in {1..12}; do\n    # capture stdout and stderr\n    set +e\n    sleep 5\n    OUTPUT=$(nomad acl bootstrap 2\u003e\u00261)\n    if [ $? -ne 0 ]; then\n        echo \"nomad acl bootstrap: $OUTPUT\"\n        if [[ \"$OUTPUT\" = *\"No cluster leader\"* ]]; then\n            echo \"nomad no cluster leader\"\n            continue\n        else\n            echo \"nomad already bootstrapped\"\n            exit 0\n        fi\n    fi\n    set -e\n\n    echo \"$OUTPUT\" | grep -i secret | awk -F '=' '{print $2}' | xargs | awk 'NF' \u003e $NOMAD_BOOTSTRAP_TOKEN\n    if [ -s $NOMAD_BOOTSTRAP_TOKEN ]; then\n        echo \"nomad bootstrapped\"\n        break\n    fi\ndone\n\nnomad acl policy apply -token \"$(cat $NOMAD_BOOTSTRAP_TOKEN)\" -description \"Policy to allow reading of agents and nodes and listing and submitting jobs in all namespaces.\" node-read-job-submit $ACL_DIRECTORY/nomad-acl-user.hcl\n\nnomad acl token create -token \"$(cat $NOMAD_BOOTSTRAP_TOKEN)\" -name \"read-token\" -policy node-read-job-submit | grep -i secret | awk -F \"=\" '{print $2}' | xargs \u003e $NOMAD_USER_TOKEN\n\n# Write user token to kv\nconsul kv put -token-file=$CONSUL_BOOTSTRAP_TOKEN nomad_user_token \"$(cat $NOMAD_USER_TOKEN)\"\n\necho \"ACL bootstrap end\"\n\n",
            "min_cpu_platform": "",
            "name": "nomad-server-0",
            "network_interface": [
              {
                "access_config": [
                  {
                    "nat_ip": "104.196.211.46",
                    "network_tier": "PREMIUM",
                    "public_ptr_domain_name": ""
                  }
                ],
                "alias_ip_range": [],
                "ipv6_access_config": [],
                "ipv6_access_type": "",
                "name": "nic0",
                "network": "https://www.googleapis.com/compute/v1/projects/hashicorp-393022/global/networks/hashistack-nomad",
                "network_ip": "10.142.0.6",
                "nic_type": "",
                "queue_count": 0,
                "stack_type": "IPV4_ONLY",
                "subnetwork": "https://www.googleapis.com/compute/v1/projects/hashicorp-393022/regions/us-east1/subnetworks/hashistack-nomad",
                "subnetwork_project": "hashicorp-393022"
              }
            ],
            "network_performance_config": [],
            "params": [],
            "project": "hashicorp-393022",
            "reservation_affinity": [],
            "resource_policies": null,
            "scheduling": [
              {
                "automatic_restart": true,
                "instance_termination_action": "",
                "min_node_cpus": 0,
                "node_affinities": [],
                "on_host_maintenance": "MIGRATE",
                "preemptible": false,
                "provisioning_model": "STANDARD"
              }
            ],
            "scratch_disk": [],
            "self_link": "https://www.googleapis.com/compute/v1/projects/hashicorp-393022/zones/us-east1-b/instances/nomad-server-0",
            "service_account": [
              {
                "email": "768276668000-compute@developer.gserviceaccount.com",
                "scopes": [
                  "https://www.googleapis.com/auth/compute.readonly",
                  "https://www.googleapis.com/auth/logging.write"
                ]
              }
            ],
            "shielded_instance_config": [
              {
                "enable_integrity_monitoring": true,
                "enable_secure_boot": false,
                "enable_vtpm": true
              }
            ],
            "tags": [
              "auto-join"
            ],
            "tags_fingerprint": "mGIakEpFi0s=",
            "timeouts": null,
            "zone": "us-east1-b"
          },
          "sensitive_attributes": [],
          "private": "eyJlMmJmYjczMC1lY2FhLTExZTYtOGY4OC0zNDM2M2JjN2M0YzAiOnsiY3JlYXRlIjoxMjAwMDAwMDAwMDAwLCJkZWxldGUiOjEyMDAwMDAwMDAwMDAsInVwZGF0ZSI6MTIwMDAwMDAwMDAwMH0sInNjaGVtYV92ZXJzaW9uIjoiNiJ9",
          "dependencies": [
            "google_compute_network.hashistack"
          ]
        },
        {
          "index_key": 1,
          "schema_version": 6,
          "attributes": {
            "advanced_machine_features": [],
            "allow_stopping_for_update": true,
            "attached_disk": [],
            "boot_disk": [
              {
                "auto_delete": true,
                "device_name": "persistent-disk-0",
                "disk_encryption_key_raw": "",
                "disk_encryption_key_sha256": "",
                "initialize_params": [
                  {
                    "image": "https://www.googleapis.com/compute/v1/projects/hashicorp-393022/global/images/hashistack-20230815075041",
                    "labels": {},
                    "resource_manager_tags": null,
                    "size": 20,
                    "type": "pd-standard"
                  }
                ],
                "kms_key_self_link": "",
                "mode": "READ_WRITE",
                "source": "https://www.googleapis.com/compute/v1/projects/hashicorp-393022/zones/us-east1-b/disks/nomad-server-1"
              }
            ],
            "can_ip_forward": false,
            "confidential_instance_config": [],
            "cpu_platform": "Intel Broadwell",
            "current_status": "RUNNING",
            "deletion_protection": false,
            "description": "",
            "desired_status": null,
            "enable_display": false,
            "guest_accelerator": [],
            "hostname": "",
            "id": "projects/hashicorp-393022/zones/us-east1-b/instances/nomad-server-1",
            "instance_id": "7322844819614726096",
            "label_fingerprint": "42WmSpB8rSM=",
            "labels": null,
            "machine_type": "e2-micro",
            "metadata": null,
            "metadata_fingerprint": "fcXyvNhRwVU=",
            "metadata_startup_script": "#!/bin/bash\n\nset -e\n\nexec \u003e \u003e(sudo tee /var/log/user-data.log|logger -t user-data -s 2\u003e/dev/console) 2\u003e\u00261\nsudo bash /ops/shared/scripts/server.sh \"gce\" \"3\" 'project_name=hashicorp-393022 provider=gce tag_value=auto-join' \"https://releases.hashicorp.com/nomad/0.10.0/nomad_0.10.0_linux_amd64.zip\"\n\nACL_DIRECTORY=\"/ops/shared/config\"\nCONSUL_BOOTSTRAP_TOKEN=\"/tmp/consul_bootstrap\"\nNOMAD_BOOTSTRAP_TOKEN=\"/tmp/nomad_bootstrap\"\nNOMAD_USER_TOKEN=\"/tmp/nomad_user_token\"\n\nsed -i \"s/CONSUL_TOKEN/83a94b86-e145-b1e3-00d9-aca8e09caf30/g\" /etc/nomad.d/nomad.hcl\n\nsudo systemctl restart nomad\n\necho \"Finished server setup\"\n\necho \"ACL bootstrap begin\"\n\n# Wait until leader has been elected and bootstrap consul ACLs\nfor i in {1..9}; do\n    # capture stdout and stderr\n    set +e\n    sleep 5\n    OUTPUT=$(consul acl bootstrap 2\u003e\u00261)\n    if [ $? -ne 0 ]; then\n        echo \"consul acl bootstrap: $OUTPUT\"\n        if [[ \"$OUTPUT\" = *\"No cluster leader\"* ]]; then\n            echo \"consul no cluster leader\"\n            continue\n        else\n            echo \"consul already bootstrapped\"\n            exit 0\n        fi\n\n    fi\n    set -e\n\n    echo \"$OUTPUT\" | grep -i secretid | awk '{print $2}' \u003e $CONSUL_BOOTSTRAP_TOKEN\n    if [ -s $CONSUL_BOOTSTRAP_TOKEN ]; then\n        echo \"consul bootstrapped\"\n        break\n    fi\ndone\n\n\nconsul acl policy create -name 'nomad-auto-join' -rules=\"@$ACL_DIRECTORY/consul-acl-nomad-auto-join.hcl\" -token-file=$CONSUL_BOOTSTRAP_TOKEN\n\nconsul acl role create -name \"nomad-auto-join\" -description \"Role with policies necessary for nomad servers and clients to auto-join via Consul.\" -policy-name \"nomad-auto-join\" -token-file=$CONSUL_BOOTSTRAP_TOKEN\n\nconsul acl token create -accessor=f1c74ed9-4daa-4e32-fd36-e1e0993e08a6 -secret=83a94b86-e145-b1e3-00d9-aca8e09caf30 -description \"Nomad server/client auto-join token\" -role-name nomad-auto-join -token-file=$CONSUL_BOOTSTRAP_TOKEN\n\n# Wait for nomad servers to come up and bootstrap nomad ACL\nfor i in {1..12}; do\n    # capture stdout and stderr\n    set +e\n    sleep 5\n    OUTPUT=$(nomad acl bootstrap 2\u003e\u00261)\n    if [ $? -ne 0 ]; then\n        echo \"nomad acl bootstrap: $OUTPUT\"\n        if [[ \"$OUTPUT\" = *\"No cluster leader\"* ]]; then\n            echo \"nomad no cluster leader\"\n            continue\n        else\n            echo \"nomad already bootstrapped\"\n            exit 0\n        fi\n    fi\n    set -e\n\n    echo \"$OUTPUT\" | grep -i secret | awk -F '=' '{print $2}' | xargs | awk 'NF' \u003e $NOMAD_BOOTSTRAP_TOKEN\n    if [ -s $NOMAD_BOOTSTRAP_TOKEN ]; then\n        echo \"nomad bootstrapped\"\n        break\n    fi\ndone\n\nnomad acl policy apply -token \"$(cat $NOMAD_BOOTSTRAP_TOKEN)\" -description \"Policy to allow reading of agents and nodes and listing and submitting jobs in all namespaces.\" node-read-job-submit $ACL_DIRECTORY/nomad-acl-user.hcl\n\nnomad acl token create -token \"$(cat $NOMAD_BOOTSTRAP_TOKEN)\" -name \"read-token\" -policy node-read-job-submit | grep -i secret | awk -F \"=\" '{print $2}' | xargs \u003e $NOMAD_USER_TOKEN\n\n# Write user token to kv\nconsul kv put -token-file=$CONSUL_BOOTSTRAP_TOKEN nomad_user_token \"$(cat $NOMAD_USER_TOKEN)\"\n\necho \"ACL bootstrap end\"\n\n",
            "min_cpu_platform": "",
            "name": "nomad-server-1",
            "network_interface": [
              {
                "access_config": [
                  {
                    "nat_ip": "34.138.166.56",
                    "network_tier": "PREMIUM",
                    "public_ptr_domain_name": ""
                  }
                ],
                "alias_ip_range": [],
                "ipv6_access_config": [],
                "ipv6_access_type": "",
                "name": "nic0",
                "network": "https://www.googleapis.com/compute/v1/projects/hashicorp-393022/global/networks/hashistack-nomad",
                "network_ip": "10.142.0.7",
                "nic_type": "",
                "queue_count": 0,
                "stack_type": "IPV4_ONLY",
                "subnetwork": "https://www.googleapis.com/compute/v1/projects/hashicorp-393022/regions/us-east1/subnetworks/hashistack-nomad",
                "subnetwork_project": "hashicorp-393022"
              }
            ],
            "network_performance_config": [],
            "params": [],
            "project": "hashicorp-393022",
            "reservation_affinity": [],
            "resource_policies": null,
            "scheduling": [
              {
                "automatic_restart": true,
                "instance_termination_action": "",
                "min_node_cpus": 0,
                "node_affinities": [],
                "on_host_maintenance": "MIGRATE",
                "preemptible": false,
                "provisioning_model": "STANDARD"
              }
            ],
            "scratch_disk": [],
            "self_link": "https://www.googleapis.com/compute/v1/projects/hashicorp-393022/zones/us-east1-b/instances/nomad-server-1",
            "service_account": [
              {
                "email": "768276668000-compute@developer.gserviceaccount.com",
                "scopes": [
                  "https://www.googleapis.com/auth/compute.readonly",
                  "https://www.googleapis.com/auth/logging.write"
                ]
              }
            ],
            "shielded_instance_config": [
              {
                "enable_integrity_monitoring": true,
                "enable_secure_boot": false,
                "enable_vtpm": true
              }
            ],
            "tags": [
              "auto-join"
            ],
            "tags_fingerprint": "mGIakEpFi0s=",
            "timeouts": null,
            "zone": "us-east1-b"
          },
          "sensitive_attributes": [],
          "private": "eyJlMmJmYjczMC1lY2FhLTExZTYtOGY4OC0zNDM2M2JjN2M0YzAiOnsiY3JlYXRlIjoxMjAwMDAwMDAwMDAwLCJkZWxldGUiOjEyMDAwMDAwMDAwMDAsInVwZGF0ZSI6MTIwMDAwMDAwMDAwMH0sInNjaGVtYV92ZXJzaW9uIjoiNiJ9",
          "dependencies": [
            "google_compute_network.hashistack"
          ]
        },
        {
          "index_key": 2,
          "schema_version": 6,
          "attributes": {
            "advanced_machine_features": [],
            "allow_stopping_for_update": true,
            "attached_disk": [],
            "boot_disk": [
              {
                "auto_delete": true,
                "device_name": "persistent-disk-0",
                "disk_encryption_key_raw": "",
                "disk_encryption_key_sha256": "",
                "initialize_params": [
                  {
                    "image": "https://www.googleapis.com/compute/v1/projects/hashicorp-393022/global/images/hashistack-20230815075041",
                    "labels": {},
                    "resource_manager_tags": null,
                    "size": 20,
                    "type": "pd-standard"
                  }
                ],
                "kms_key_self_link": "",
                "mode": "READ_WRITE",
                "source": "https://www.googleapis.com/compute/v1/projects/hashicorp-393022/zones/us-east1-b/disks/nomad-server-2"
              }
            ],
            "can_ip_forward": false,
            "confidential_instance_config": [],
            "cpu_platform": "Intel Broadwell",
            "current_status": "RUNNING",
            "deletion_protection": false,
            "description": "",
            "desired_status": null,
            "enable_display": false,
            "guest_accelerator": [],
            "hostname": "",
            "id": "projects/hashicorp-393022/zones/us-east1-b/instances/nomad-server-2",
            "instance_id": "6463902882842408879",
            "label_fingerprint": "42WmSpB8rSM=",
            "labels": null,
            "machine_type": "e2-micro",
            "metadata": null,
            "metadata_fingerprint": "fcXyvNhRwVU=",
            "metadata_startup_script": "#!/bin/bash\n\nset -e\n\nexec \u003e \u003e(sudo tee /var/log/user-data.log|logger -t user-data -s 2\u003e/dev/console) 2\u003e\u00261\nsudo bash /ops/shared/scripts/server.sh \"gce\" \"3\" 'project_name=hashicorp-393022 provider=gce tag_value=auto-join' \"https://releases.hashicorp.com/nomad/0.10.0/nomad_0.10.0_linux_amd64.zip\"\n\nACL_DIRECTORY=\"/ops/shared/config\"\nCONSUL_BOOTSTRAP_TOKEN=\"/tmp/consul_bootstrap\"\nNOMAD_BOOTSTRAP_TOKEN=\"/tmp/nomad_bootstrap\"\nNOMAD_USER_TOKEN=\"/tmp/nomad_user_token\"\n\nsed -i \"s/CONSUL_TOKEN/83a94b86-e145-b1e3-00d9-aca8e09caf30/g\" /etc/nomad.d/nomad.hcl\n\nsudo systemctl restart nomad\n\necho \"Finished server setup\"\n\necho \"ACL bootstrap begin\"\n\n# Wait until leader has been elected and bootstrap consul ACLs\nfor i in {1..9}; do\n    # capture stdout and stderr\n    set +e\n    sleep 5\n    OUTPUT=$(consul acl bootstrap 2\u003e\u00261)\n    if [ $? -ne 0 ]; then\n        echo \"consul acl bootstrap: $OUTPUT\"\n        if [[ \"$OUTPUT\" = *\"No cluster leader\"* ]]; then\n            echo \"consul no cluster leader\"\n            continue\n        else\n            echo \"consul already bootstrapped\"\n            exit 0\n        fi\n\n    fi\n    set -e\n\n    echo \"$OUTPUT\" | grep -i secretid | awk '{print $2}' \u003e $CONSUL_BOOTSTRAP_TOKEN\n    if [ -s $CONSUL_BOOTSTRAP_TOKEN ]; then\n        echo \"consul bootstrapped\"\n        break\n    fi\ndone\n\n\nconsul acl policy create -name 'nomad-auto-join' -rules=\"@$ACL_DIRECTORY/consul-acl-nomad-auto-join.hcl\" -token-file=$CONSUL_BOOTSTRAP_TOKEN\n\nconsul acl role create -name \"nomad-auto-join\" -description \"Role with policies necessary for nomad servers and clients to auto-join via Consul.\" -policy-name \"nomad-auto-join\" -token-file=$CONSUL_BOOTSTRAP_TOKEN\n\nconsul acl token create -accessor=f1c74ed9-4daa-4e32-fd36-e1e0993e08a6 -secret=83a94b86-e145-b1e3-00d9-aca8e09caf30 -description \"Nomad server/client auto-join token\" -role-name nomad-auto-join -token-file=$CONSUL_BOOTSTRAP_TOKEN\n\n# Wait for nomad servers to come up and bootstrap nomad ACL\nfor i in {1..12}; do\n    # capture stdout and stderr\n    set +e\n    sleep 5\n    OUTPUT=$(nomad acl bootstrap 2\u003e\u00261)\n    if [ $? -ne 0 ]; then\n        echo \"nomad acl bootstrap: $OUTPUT\"\n        if [[ \"$OUTPUT\" = *\"No cluster leader\"* ]]; then\n            echo \"nomad no cluster leader\"\n            continue\n        else\n            echo \"nomad already bootstrapped\"\n            exit 0\n        fi\n    fi\n    set -e\n\n    echo \"$OUTPUT\" | grep -i secret | awk -F '=' '{print $2}' | xargs | awk 'NF' \u003e $NOMAD_BOOTSTRAP_TOKEN\n    if [ -s $NOMAD_BOOTSTRAP_TOKEN ]; then\n        echo \"nomad bootstrapped\"\n        break\n    fi\ndone\n\nnomad acl policy apply -token \"$(cat $NOMAD_BOOTSTRAP_TOKEN)\" -description \"Policy to allow reading of agents and nodes and listing and submitting jobs in all namespaces.\" node-read-job-submit $ACL_DIRECTORY/nomad-acl-user.hcl\n\nnomad acl token create -token \"$(cat $NOMAD_BOOTSTRAP_TOKEN)\" -name \"read-token\" -policy node-read-job-submit | grep -i secret | awk -F \"=\" '{print $2}' | xargs \u003e $NOMAD_USER_TOKEN\n\n# Write user token to kv\nconsul kv put -token-file=$CONSUL_BOOTSTRAP_TOKEN nomad_user_token \"$(cat $NOMAD_USER_TOKEN)\"\n\necho \"ACL bootstrap end\"\n\n",
            "min_cpu_platform": "",
            "name": "nomad-server-2",
            "network_interface": [
              {
                "access_config": [
                  {
                    "nat_ip": "34.139.124.49",
                    "network_tier": "PREMIUM",
                    "public_ptr_domain_name": ""
                  }
                ],
                "alias_ip_range": [],
                "ipv6_access_config": [],
                "ipv6_access_type": "",
                "name": "nic0",
                "network": "https://www.googleapis.com/compute/v1/projects/hashicorp-393022/global/networks/hashistack-nomad",
                "network_ip": "10.142.0.5",
                "nic_type": "",
                "queue_count": 0,
                "stack_type": "IPV4_ONLY",
                "subnetwork": "https://www.googleapis.com/compute/v1/projects/hashicorp-393022/regions/us-east1/subnetworks/hashistack-nomad",
                "subnetwork_project": "hashicorp-393022"
              }
            ],
            "network_performance_config": [],
            "params": [],
            "project": "hashicorp-393022",
            "reservation_affinity": [],
            "resource_policies": null,
            "scheduling": [
              {
                "automatic_restart": true,
                "instance_termination_action": "",
                "min_node_cpus": 0,
                "node_affinities": [],
                "on_host_maintenance": "MIGRATE",
                "preemptible": false,
                "provisioning_model": "STANDARD"
              }
            ],
            "scratch_disk": [],
            "self_link": "https://www.googleapis.com/compute/v1/projects/hashicorp-393022/zones/us-east1-b/instances/nomad-server-2",
            "service_account": [
              {
                "email": "768276668000-compute@developer.gserviceaccount.com",
                "scopes": [
                  "https://www.googleapis.com/auth/compute.readonly",
                  "https://www.googleapis.com/auth/logging.write"
                ]
              }
            ],
            "shielded_instance_config": [
              {
                "enable_integrity_monitoring": true,
                "enable_secure_boot": false,
                "enable_vtpm": true
              }
            ],
            "tags": [
              "auto-join"
            ],
            "tags_fingerprint": "mGIakEpFi0s=",
            "timeouts": null,
            "zone": "us-east1-b"
          },
          "sensitive_attributes": [],
          "private": "eyJlMmJmYjczMC1lY2FhLTExZTYtOGY4OC0zNDM2M2JjN2M0YzAiOnsiY3JlYXRlIjoxMjAwMDAwMDAwMDAwLCJkZWxldGUiOjEyMDAwMDAwMDAwMDAsInVwZGF0ZSI6MTIwMDAwMDAwMDAwMH0sInNjaGVtYV92ZXJzaW9uIjoiNiJ9",
          "dependencies": [
            "google_compute_network.hashistack"
          ]
        }
      ]
    },
    {
      "mode": "managed",
      "type": "google_compute_network",
      "name": "hashistack",
      "provider": "provider[\"registry.terraform.io/hashicorp/google\"]",
      "instances": [
        {
          "schema_version": 0,
          "attributes": {
            "auto_create_subnetworks": true,
            "delete_default_routes_on_create": false,
            "description": "",
            "enable_ula_internal_ipv6": false,
            "gateway_ipv4": "",
            "id": "projects/hashicorp-393022/global/networks/hashistack-nomad",
            "internal_ipv6_range": "",
            "mtu": 0,
            "name": "hashistack-nomad",
            "network_firewall_policy_enforcement_order": "AFTER_CLASSIC_FIREWALL",
            "project": "hashicorp-393022",
            "routing_mode": "REGIONAL",
            "self_link": "https://www.googleapis.com/compute/v1/projects/hashicorp-393022/global/networks/hashistack-nomad",
            "timeouts": null
          },
          "sensitive_attributes": [],
          "private": "eyJlMmJmYjczMC1lY2FhLTExZTYtOGY4OC0zNDM2M2JjN2M0YzAiOnsiY3JlYXRlIjoxMjAwMDAwMDAwMDAwLCJkZWxldGUiOjEyMDAwMDAwMDAwMDAsInVwZGF0ZSI6MTIwMDAwMDAwMDAwMH19"
        }
      ]
    }
  ],
  "check_results": null
}
